
Microsoft Visual Studio Solution File, Format Version 12.00
# Visual Studio 15
VisualStudioVersion = 15.0.28307.329
MinimumVisualStudioVersion = 10.0.40219.1
Project("{9A19103F-16F7-4668-BE54-9A1E7A4F7556}") = "ProcessManager.ProgramManager", "programManager\ProcessManager.ProgramManager.csproj", "{7623BBF0-093E-42AB-B162-A9FB259ACC2C}"
EndProject
Project("{9A19103F-16F7-4668-BE54-9A1E7A4F7556}") = "ProcessManager.ProcessHost", "processHost\ProcessManager.ProcessHost.csproj", "{DD7BDC8C-6C4C-4F51-B3A2-42C343677716}"
EndProject
Project("{9A19103F-16F7-4668-BE54-9A1E7A4F7556}") = "ProcessManager.Core", "core\ProcessManager.Core.csproj", "{69D77751-6FFA-4663-A743-DE1C6092B08E}"
EndProject
Project("{2150E333-8FDC-42A3-9474-1A3956D46DE8}") = "Middleware", "Middleware", "{D9EDE17F-B1EE-426C-BEEF-02E813DEA9EC}"
EndProject
Project("{9A19103F-16F7-4668-BE54-9A1E7A4F7556}") = "ProcessManager.HealthCheckMiddleware", "healthCheckMiddleware\ProcessManager.HealthCheckMiddleware.csproj", "{9E4E3B61-D931-41D0-A552-B9882A2EB90B}"
EndProject
Project("{FAE04EC0-301F-11D3-BF4B-00C04F79EFBC}") = "ProcessManager.ProcessManagementMiddleware", "processManagementMiddleware\ProcessManager.ProcessManagementMiddleware.csproj", "{C6C6F1CF-0B69-4176-867D-3E1F8E716CBA}"
EndProject
Global
	GlobalSection(SolutionConfigurationPlatforms) = preSolution
		Debug|Any CPU = Debug|Any CPU
		Release|Any CPU = Release|Any CPU
	EndGlobalSection
	GlobalSection(ProjectConfigurationPlatforms) = postSolution
		{7623BBF0-093E-42AB-B162-A9FB259ACC2C}.Debug|Any CPU.ActiveCfg = Debug|Any CPU
		{7623BBF0-093E-42AB-B162-A9FB259ACC2C}.Debug|Any CPU.Build.0 = Debug|Any CPU
		{7623BBF0-093E-42AB-B162-A9FB259ACC2C}.Release|Any CPU.ActiveCfg = Release|Any CPU
		{7623BBF0-093E-42AB-B162-A9FB259ACC2C}.Release|Any CPU.Build.0 = Release|Any CPU
		{DD7BDC8C-6C4C-4F51-B3A2-42C343677716}.Debug|Any CPU.ActiveCfg = Debug|Any CPU
		{DD7BDC8C-6C4C-4F51-B3A2-42C343677716}.Debug|Any CPU.Build.0 = Debug|Any CPU
		{DD7BDC8C-6C4C-4F51-B3A2-42C343677716}.Release|Any CPU.ActiveCfg = Release|Any CPU
		{DD7BDC8C-6C4C-4F51-B3A2-42C343677716}.Release|Any CPU.Build.0 = Release|Any CPU
		{69D77751-6FFA-4663-A743-DE1C6092B08E}.Debug|Any CPU.ActiveCfg = Debug|Any CPU
		{69D77751-6FFA-4663-A743-DE1C6092B08E}.Debug|Any CPU.Build.0 = Debug|Any CPU
		{69D77751-6FFA-4663-A743-DE1C6092B08E}.Release|Any CPU.ActiveCfg = Release|Any CPU
		{69D77751-6FFA-4663-A743-DE1C6092B08E}.Release|Any CPU.Build.0 = Release|Any CPU
		{9E4E3B61-D931-41D0-A552-B9882A2EB90B}.Debug|Any CPU.ActiveCfg = Debug|Any CPU
		{9E4E3B61-D931-41D0-A552-B9882A2EB90B}.Debug|Any CPU.Build.0 = Debug|Any CPU
		{9E4E3B61-D931-41D0-A552-B9882A2EB90B}.Release|Any CPU.ActiveCfg = Release|Any CPU
		{9E4E3B61-D931-41D0-A552-B9882A2EB90B}.Release|Any CPU.Build.0 = Release|Any CPU
		{C6C6F1CF-0B69-4176-867D-3E1F8E716CBA}.Debug|Any CPU.ActiveCfg = Debug|Any CPU
		{C6C6F1CF-0B69-4176-867D-3E1F8E716CBA}.Debug|Any CPU.Build.0 = Debug|Any CPU
		{C6C6F1CF-0B69-4176-867D-3E1F8E716CBA}.Release|Any CPU.ActiveCfg = Release|Any CPU
		{C6C6F1CF-0B69-4176-867D-3E1F8E716CBA}.Release|Any CPU.Build.0 = Release|Any CPU
	EndGlobalSection
	GlobalSection(SolutionProperties) = preSolution
		HideSolutionNode = FALSE
	EndGlobalSection
	GlobalSection(NestedProjects) = preSolution
		{9E4E3B61-D931-41D0-A552-B9882A2EB90B} = {D9EDE17F-B1EE-426C-BEEF-02E813DEA9EC}
		{C6C6F1CF-0B69-4176-867D-3E1F8E716CBA} = {D9EDE17F-B1EE-426C-BEEF-02E813DEA9EC}
	EndGlobalSection
	GlobalSection(ExtensibilityGlobals) = postSolution
		SolutionGuid = {32B2A1DE-E463-45E2-B6AC-5E0B9AB47F47}
	EndGlobalSection
EndGlobal
