
Microsoft Visual Studio Solution File, Format Version 12.00
# Visual Studio 15
VisualStudioVersion = 15.0.28307.329
MinimumVisualStudioVersion = 10.0.40219.1
Project("{9A19103F-16F7-4668-BE54-9A1E7A4F7556}") = "ProcessManager.ProgramManager", "programManager\ProcessManager.ProgramManager.csproj", "{7623BBF0-093E-42AB-B162-A9FB259ACC2C}"
EndProject
Project("{FAE04EC0-301F-11D3-BF4B-00C04F79EFBC}") = "ProcessManager.Core", "ProcessManager.Core\ProcessManager.Core.csproj", "{DA40E407-6A1C-4AFF-8457-5AD1AAFA66B0}"
EndProject
Global
	GlobalSection(SolutionConfigurationPlatforms) = preSolution
		Debug|Any CPU = Debug|Any CPU
		Release|Any CPU = Release|Any CPU
	EndGlobalSection
	GlobalSection(ProjectConfigurationPlatforms) = postSolution
		{7623BBF0-093E-42AB-B162-A9FB259ACC2C}.Debug|Any CPU.ActiveCfg = Debug|Any CPU
		{7623BBF0-093E-42AB-B162-A9FB259ACC2C}.Debug|Any CPU.Build.0 = Debug|Any CPU
		{7623BBF0-093E-42AB-B162-A9FB259ACC2C}.Release|Any CPU.ActiveCfg = Release|Any CPU
		{7623BBF0-093E-42AB-B162-A9FB259ACC2C}.Release|Any CPU.Build.0 = Release|Any CPU
		{DA40E407-6A1C-4AFF-8457-5AD1AAFA66B0}.Debug|Any CPU.ActiveCfg = Debug|Any CPU
		{DA40E407-6A1C-4AFF-8457-5AD1AAFA66B0}.Debug|Any CPU.Build.0 = Debug|Any CPU
		{DA40E407-6A1C-4AFF-8457-5AD1AAFA66B0}.Release|Any CPU.ActiveCfg = Release|Any CPU
		{DA40E407-6A1C-4AFF-8457-5AD1AAFA66B0}.Release|Any CPU.Build.0 = Release|Any CPU
	EndGlobalSection
	GlobalSection(SolutionProperties) = preSolution
		HideSolutionNode = FALSE
	EndGlobalSection
	GlobalSection(ExtensibilityGlobals) = postSolution
		SolutionGuid = {32B2A1DE-E463-45E2-B6AC-5E0B9AB47F47}
	EndGlobalSection
EndGlobal
